
Microsoft Visual Studio Solution File, Format Version 12.00
Project("{FAE04EC0-301F-11D3-BF4B-00C04F79EFBC}") = "Generics", "Generics\Generics.csproj", "{FCDD6818-662B-4F8A-97B4-92D0E821F359}"
EndProject
Project("{FAE04EC0-301F-11D3-BF4B-00C04F79EFBC}") = "Delegates", "Delegates\Delegates.csproj", "{D87AFC4E-9AF1-4686-B771-2931034D4C6F}"
EndProject
Project("{FAE04EC0-301F-11D3-BF4B-00C04F79EFBC}") = "LambdaExpression", "LambdaExpression\LambdaExpression.csproj", "{5C813AF7-193F-434C-87C5-97186FB42161}"
EndProject
Project("{FAE04EC0-301F-11D3-BF4B-00C04F79EFBC}") = "EventsAndDelegate", "EventsAndDelegate\EventsAndDelegate.csproj", "{D16B5BC7-16B9-442B-8D95-430E9CE4A050}"
EndProject
Project("{FAE04EC0-301F-11D3-BF4B-00C04F79EFBC}") = "ExtensionMethods", "ExtensionMethods\ExtensionMethods.csproj", "{60362807-245D-4B46-8CC2-C3DA0E5C1404}"
EndProject
Global
	GlobalSection(SolutionConfigurationPlatforms) = preSolution
		Debug|Any CPU = Debug|Any CPU
		Release|Any CPU = Release|Any CPU
	EndGlobalSection
	GlobalSection(ProjectConfigurationPlatforms) = postSolution
		{FCDD6818-662B-4F8A-97B4-92D0E821F359}.Debug|Any CPU.ActiveCfg = Debug|Any CPU
		{FCDD6818-662B-4F8A-97B4-92D0E821F359}.Debug|Any CPU.Build.0 = Debug|Any CPU
		{FCDD6818-662B-4F8A-97B4-92D0E821F359}.Release|Any CPU.ActiveCfg = Release|Any CPU
		{FCDD6818-662B-4F8A-97B4-92D0E821F359}.Release|Any CPU.Build.0 = Release|Any CPU
		{D87AFC4E-9AF1-4686-B771-2931034D4C6F}.Debug|Any CPU.ActiveCfg = Debug|Any CPU
		{D87AFC4E-9AF1-4686-B771-2931034D4C6F}.Debug|Any CPU.Build.0 = Debug|Any CPU
		{D87AFC4E-9AF1-4686-B771-2931034D4C6F}.Release|Any CPU.ActiveCfg = Release|Any CPU
		{D87AFC4E-9AF1-4686-B771-2931034D4C6F}.Release|Any CPU.Build.0 = Release|Any CPU
		{5C813AF7-193F-434C-87C5-97186FB42161}.Debug|Any CPU.ActiveCfg = Debug|Any CPU
		{5C813AF7-193F-434C-87C5-97186FB42161}.Debug|Any CPU.Build.0 = Debug|Any CPU
		{5C813AF7-193F-434C-87C5-97186FB42161}.Release|Any CPU.ActiveCfg = Release|Any CPU
		{5C813AF7-193F-434C-87C5-97186FB42161}.Release|Any CPU.Build.0 = Release|Any CPU
		{D16B5BC7-16B9-442B-8D95-430E9CE4A050}.Debug|Any CPU.ActiveCfg = Debug|Any CPU
		{D16B5BC7-16B9-442B-8D95-430E9CE4A050}.Debug|Any CPU.Build.0 = Debug|Any CPU
		{D16B5BC7-16B9-442B-8D95-430E9CE4A050}.Release|Any CPU.ActiveCfg = Release|Any CPU
		{D16B5BC7-16B9-442B-8D95-430E9CE4A050}.Release|Any CPU.Build.0 = Release|Any CPU
		{60362807-245D-4B46-8CC2-C3DA0E5C1404}.Debug|Any CPU.ActiveCfg = Debug|Any CPU
		{60362807-245D-4B46-8CC2-C3DA0E5C1404}.Debug|Any CPU.Build.0 = Debug|Any CPU
		{60362807-245D-4B46-8CC2-C3DA0E5C1404}.Release|Any CPU.ActiveCfg = Release|Any CPU
		{60362807-245D-4B46-8CC2-C3DA0E5C1404}.Release|Any CPU.Build.0 = Release|Any CPU
	EndGlobalSection
EndGlobal
